# THIS IS AN AUTOGENERATED FILE. DO NOT EDIT THIS FILE DIRECTLY.
# yarn lockfile v1


tiny-sql@^1.0.2:
  version "1.0.2"
  resolved "https://registry.yarnpkg.com/tiny-sql/-/tiny-sql-1.0.2.tgz#7743e7e9e31065664601738b9c44ccfc55fc13b3"
  integrity sha512-y1294/+IDxImKnClytky2+XCWo1aOXvd+w9eK58/71B5MV6rFVhphUkuU5i0ALq3LrYJcHysuFTDJQG+bbU5dw==
